
Microsoft Visual Studio Solution File, Format Version 12.00
# Visual Studio Version 17
VisualStudioVersion = 17.7.34221.43
MinimumVisualStudioVersion = 10.0.40219.1
Project("{FAE04EC0-301F-11D3-BF4B-00C04F79EFBC}") = "SoundsTuner", "SoundsTuner.csproj", "{BC7C96B9-648C-4C93-9230-A5C6B39CF4EE}"
EndProject
Project("{D954291E-2A0B-460D-934E-DC6B0785DB48}") = "AlgernonCommonsPatchingShared", "..\..\AlgernonCommons\AlgernonCommonsPatchingShared.shproj", "{25AEF446-6F0D-43A8-BB84-D1306789B68C}"
EndProject
Global
	GlobalSection(SolutionConfigurationPlatforms) = preSolution
		Debug|Any CPU = Debug|Any CPU
		Release|Any CPU = Release|Any CPU
	EndGlobalSection
	GlobalSection(ProjectConfigurationPlatforms) = postSolution
		{BC7C96B9-648C-4C93-9230-A5C6B39CF4EE}.Debug|Any CPU.ActiveCfg = Debug|Any CPU
		{BC7C96B9-648C-4C93-9230-A5C6B39CF4EE}.Debug|Any CPU.Build.0 = Debug|Any CPU
		{BC7C96B9-648C-4C93-9230-A5C6B39CF4EE}.Release|Any CPU.ActiveCfg = Release|Any CPU
		{BC7C96B9-648C-4C93-9230-A5C6B39CF4EE}.Release|Any CPU.Build.0 = Release|Any CPU
	EndGlobalSection
	GlobalSection(SolutionProperties) = preSolution
		HideSolutionNode = FALSE
	EndGlobalSection
	GlobalSection(ExtensibilityGlobals) = postSolution
		SolutionGuid = {470040E4-23CF-436D-B3CE-F0E7C9420BBF}
	EndGlobalSection
	GlobalSection(SharedMSBuildProjectFiles) = preSolution
		..\..\AlgernonCommons\AlgernonCommonsPatchingShared.projitems*{25aef446-6f0d-43a8-bb84-d1306789b68c}*SharedItemsImports = 13
		..\..\AlgernonCommons\AlgernonCommonsPatchingShared.projitems*{bc7c96b9-648c-4c93-9230-a5c6b39cf4ee}*SharedItemsImports = 4
	EndGlobalSection
EndGlobal
